
Microsoft Visual Studio Solution File, Format Version 12.00
# Visual Studio Version 16
VisualStudioVersion = 16.0.30907.101
MinimumVisualStudioVersion = 10.0.40219.1
Project("{9A19103F-16F7-4668-BE54-9A1E7A4F7556}") = "BuyMyHouseAssignment", "BuyMyHouseAssignment.csproj", "{47EE514D-348A-4C44-A6B5-68C6DA7FDC97}"
EndProject
Project("{9A19103F-16F7-4668-BE54-9A1E7A4F7556}") = "Models", "..\Models\Models.csproj", "{DBBC5143-BE5E-49C9-8A67-8658CA8AD6A0}"
EndProject
Project("{9A19103F-16F7-4668-BE54-9A1E7A4F7556}") = "DAL", "..\DAL\DAL.csproj", "{0F773EB9-C27C-4FE1-9023-903E1B5B5939}"
EndProject
Project("{9A19103F-16F7-4668-BE54-9A1E7A4F7556}") = "Service", "..\Service\Service.csproj", "{6C5505D5-34A2-4BCF-8501-9CFAD9DA3335}"
EndProject
Global
	GlobalSection(SolutionConfigurationPlatforms) = preSolution
		Debug|Any CPU = Debug|Any CPU
		Release|Any CPU = Release|Any CPU
	EndGlobalSection
	GlobalSection(ProjectConfigurationPlatforms) = postSolution
		{47EE514D-348A-4C44-A6B5-68C6DA7FDC97}.Debug|Any CPU.ActiveCfg = Debug|Any CPU
		{47EE514D-348A-4C44-A6B5-68C6DA7FDC97}.Debug|Any CPU.Build.0 = Debug|Any CPU
		{47EE514D-348A-4C44-A6B5-68C6DA7FDC97}.Release|Any CPU.ActiveCfg = Release|Any CPU
		{47EE514D-348A-4C44-A6B5-68C6DA7FDC97}.Release|Any CPU.Build.0 = Release|Any CPU
		{DBBC5143-BE5E-49C9-8A67-8658CA8AD6A0}.Debug|Any CPU.ActiveCfg = Debug|Any CPU
		{DBBC5143-BE5E-49C9-8A67-8658CA8AD6A0}.Debug|Any CPU.Build.0 = Debug|Any CPU
		{DBBC5143-BE5E-49C9-8A67-8658CA8AD6A0}.Release|Any CPU.ActiveCfg = Release|Any CPU
		{DBBC5143-BE5E-49C9-8A67-8658CA8AD6A0}.Release|Any CPU.Build.0 = Release|Any CPU
		{0F773EB9-C27C-4FE1-9023-903E1B5B5939}.Debug|Any CPU.ActiveCfg = Debug|Any CPU
		{0F773EB9-C27C-4FE1-9023-903E1B5B5939}.Debug|Any CPU.Build.0 = Debug|Any CPU
		{0F773EB9-C27C-4FE1-9023-903E1B5B5939}.Release|Any CPU.ActiveCfg = Release|Any CPU
		{0F773EB9-C27C-4FE1-9023-903E1B5B5939}.Release|Any CPU.Build.0 = Release|Any CPU
		{6C5505D5-34A2-4BCF-8501-9CFAD9DA3335}.Debug|Any CPU.ActiveCfg = Debug|Any CPU
		{6C5505D5-34A2-4BCF-8501-9CFAD9DA3335}.Debug|Any CPU.Build.0 = Debug|Any CPU
		{6C5505D5-34A2-4BCF-8501-9CFAD9DA3335}.Release|Any CPU.ActiveCfg = Release|Any CPU
		{6C5505D5-34A2-4BCF-8501-9CFAD9DA3335}.Release|Any CPU.Build.0 = Release|Any CPU
	EndGlobalSection
	GlobalSection(SolutionProperties) = preSolution
		HideSolutionNode = FALSE
	EndGlobalSection
	GlobalSection(ExtensibilityGlobals) = postSolution
		SolutionGuid = {14D78D5E-FD23-4EDE-B502-BAFA1CF7220E}
	EndGlobalSection
EndGlobal
